{
  "name": "CPQLab",
  "lockfileVersion": 2,
  "requires": true,
  "packages": {
    "": {
      "dependencies": {
        "gridstack": "^4.2.5"
      }
    },
    "node_modules/gridstack": {
      "version": "4.2.5",
      "resolved": "https://registry.npmjs.org/gridstack/-/gridstack-4.2.5.tgz",
      "integrity": "sha512-pOnUmNHlx47RTyOu9UWigmPo2YSBpAfTlQQnpAl2zvi+UxglIjUfTHEsRe4ce8qMLiS73VtmwfBwAhbEF67TLA==",
      "funding": [
        {
          "type": "paypal",
          "url": "https://www.paypal.me/alaind831"
        },
        {
          "type": "venmo",
          "url": "https://www.venmo.com/adumesny"
        }
      ]
    }
  },
  "dependencies": {
    "gridstack": {
      "version": "4.2.5",
      "resolved": "https://registry.npmjs.org/gridstack/-/gridstack-4.2.5.tgz",
      "integrity": "sha512-pOnUmNHlx47RTyOu9UWigmPo2YSBpAfTlQQnpAl2zvi+UxglIjUfTHEsRe4ce8qMLiS73VtmwfBwAhbEF67TLA=="
    }
  }
}
